{
  "name": "puppeteer",
  "version": "1.0.0",
  "lockfileVersion": 1,
  "requires": true,
  "dependencies": {
    "bufferutil": {
      "version": "4.0.1",
      "resolved": "https://registry.npm.taobao.org/bufferutil/download/bufferutil-4.0.1.tgz",
      "integrity": "sha1-Ohd+jlgZoSQ/4WtjoZmVGnrY1Kc=",
      "requires": {
        "node-gyp-build": "~3.7.0"
      }
    },
    "node-gyp-build": {
      "version": "3.7.0",
      "resolved": "https://registry.npm.taobao.org/node-gyp-build/download/node-gyp-build-3.7.0.tgz",
      "integrity": "sha1-2qd6T1R7mu0+Kqx3nq8VGv1g7I0="
    },
    "utf-8-validate": {
      "version": "5.0.2",
      "resolved": "https://registry.npm.taobao.org/utf-8-validate/download/utf-8-validate-5.0.2.tgz",
      "integrity": "sha1-Y8+8zYXcHytmz3odDuvAjtBWv7M=",
      "requires": {
        "node-gyp-build": "~3.7.0"
      }
    }
  }
}
